
Microsoft Visual Studio Solution File, Format Version 12.00
# Visual Studio 15
VisualStudioVersion = 15.0.28307.1022
MinimumVisualStudioVersion = 10.0.40219.1
Project("{FAE04EC0-301F-11D3-BF4B-00C04F79EFBC}") = "Trie-tree", "Trie-tree\Trie-tree.csproj", "{98659328-5FF3-4BDA-952E-0E8C08E04DE9}"
EndProject
Project("{FAE04EC0-301F-11D3-BF4B-00C04F79EFBC}") = "Trie", "Trie\Trie.csproj", "{D192907B-D814-4ED1-BB6E-70973EF60189}"
EndProject
Global
	GlobalSection(SolutionConfigurationPlatforms) = preSolution
		Debug|Any CPU = Debug|Any CPU
		Release|Any CPU = Release|Any CPU
	EndGlobalSection
	GlobalSection(ProjectConfigurationPlatforms) = postSolution
		{98659328-5FF3-4BDA-952E-0E8C08E04DE9}.Debug|Any CPU.ActiveCfg = Debug|Any CPU
		{98659328-5FF3-4BDA-952E-0E8C08E04DE9}.Debug|Any CPU.Build.0 = Debug|Any CPU
		{98659328-5FF3-4BDA-952E-0E8C08E04DE9}.Release|Any CPU.ActiveCfg = Release|Any CPU
		{98659328-5FF3-4BDA-952E-0E8C08E04DE9}.Release|Any CPU.Build.0 = Release|Any CPU
		{D192907B-D814-4ED1-BB6E-70973EF60189}.Debug|Any CPU.ActiveCfg = Debug|Any CPU
		{D192907B-D814-4ED1-BB6E-70973EF60189}.Debug|Any CPU.Build.0 = Debug|Any CPU
		{D192907B-D814-4ED1-BB6E-70973EF60189}.Release|Any CPU.ActiveCfg = Release|Any CPU
		{D192907B-D814-4ED1-BB6E-70973EF60189}.Release|Any CPU.Build.0 = Release|Any CPU
	EndGlobalSection
	GlobalSection(SolutionProperties) = preSolution
		HideSolutionNode = FALSE
	EndGlobalSection
	GlobalSection(ExtensibilityGlobals) = postSolution
		SolutionGuid = {D00E2868-8245-45C6-B43A-6390101BCE5B}
	EndGlobalSection
EndGlobal
